// !$*UTF8*$!
{
	archiveVersion = 1;
	classes = {
	};
	objectVersion = 46;
	objects = {

/* Begin PBXBuildFile section */
		105402C11CA0091000956204 /* AppDelegate.swift in Sources */ = {isa = PBXBuildFile; fileRef = 105402C01CA0091000956204 /* AppDelegate.swift */; };
		105402C31CA0091000956204 /* ViewController.swift in Sources */ = {isa = PBXBuildFile; fileRef = 105402C21CA0091000956204 /* ViewController.swift */; };
		105402C61CA0091000956204 /* Main.storyboard in Resources */ = {isa = PBXBuildFile; fileRef = 105402C41CA0091000956204 /* Main.storyboard */; };
		105402C81CA0091000956204 /* Assets.xcassets in Resources */ = {isa = PBXBuildFile; fileRef = 105402C71CA0091000956204 /* Assets.xcassets */; };
		105402CB1CA0091000956204 /* LaunchScreen.storyboard in Resources */ = {isa = PBXBuildFile; fileRef = 105402C91CA0091000956204 /* LaunchScreen.storyboard */; };
		105402D31CA009AA00956204 /* 2c169440.jpeg in Resources */ = {isa = PBXBuildFile; fileRef = 105402D21CA009AA00956204 /* 2c169440.jpeg */; };
/* End PBXBuildFile section */

/* Begin PBXFileReference section */
		105402BD1CA0091000956204 /* Weather Current Condition.app */ = {isa = PBXFileReference; explicitFileType = wrapper.application; includeInIndex = 0; path = "Weather Current Condition.app"; sourceTree = BUILT_PRODUCTS_DIR; };
		105402C01CA0091000956204 /* AppDelegate.swift */ = {isa = PBXFileReference; lastKnownFileType = sourcecode.swift; path = AppDelegate.swift; sourceTree = "<group>"; };
		105402C21CA0091000956204 /* ViewController.swift */ = {isa = PBXFileReference; lastKnownFileType = sourcecode.swift; path = ViewController.swift; sourceTree = "<group>"; };
		105402C51CA0091000956204 /* Base */ = {isa = PBXFileReference; lastKnownFileType = file.storyboard; name = Base; path = Base.lproj/Main.storyboard; sourceTree = "<group>"; };
		105402C71CA0091000956204 /* Assets.xcassets */ = {isa = PBXFileReference; lastKnownFileType = folder.assetcatalog; path = Assets.xcassets; sourceTree = "<group>"; };
		105402CA1CA0091000956204 /* Base */ = {isa = PBXFileReference; lastKnownFileType = file.storyboard; name = Base; path = Base.lproj/LaunchScreen.storyboard; sourceTree = "<group>"; };
		105402CC1CA0091000956204 /* Info.plist */ = {isa = PBXFileReference; lastKnownFileType = text.plist.xml; path = Info.plist; sourceTree = "<group>"; };
		105402D21CA009AA00956204 /* 2c169440.jpeg */ = {isa = PBXFileReference; lastKnownFileType = image.jpeg; path = 2c169440.jpeg; sourceTree = "<group>"; };
/* End PBXFileReference section */

/* Begin PBXFrameworksBuildPhase section */
		105402BA1CA0091000956204 /* Frameworks */ = {
			isa = PBXFrameworksBuildPhase;
			buildActionMask = 2147483647;
			files = (
			);
			runOnlyForDeploymentPostprocessing = 0;
		};
/* End PBXFrameworksBuildPhase section */

/* Begin PBXGroup section */
		105402B41CA0091000956204 = {
			isa = PBXGroup;
			children = (
				105402BF1CA0091000956204 /* Weather Current Condition */,
				105402BE1CA0091000956204 /* Products */,
			);
			sourceTree = "<group>";
		};
		105402BE1CA0091000956204 /* Products */ = {
			isa = PBXGroup;
			children = (
				105402BD1CA0091000956204 /* Weather Current Condition.app */,
			);
			name = Products;
			sourceTree = "<group>";
		};
		105402BF1CA0091000956204 /* Weather Current Condition */ = {
			isa = PBXGroup;
			children = (
				105402C01CA0091000956204 /* AppDelegate.swift */,
				105402C21CA0091000956204 /* ViewController.swift */,
				105402C41CA0091000956204 /* Main.storyboard */,
				105402C71CA0091000956204 /* Assets.xcassets */,
				105402C91CA0091000956204 /* LaunchScreen.storyboard */,
				105402CC1CA0091000956204 /* Info.plist */,
				105402D21CA009AA00956204 /* 2c169440.jpeg */,
			);
			path = "Weather Current Condition";
			sourceTree = "<group>";
		};
/* End PBXGroup section */

/* Begin PBXNativeTarget section */
		105402BC1CA0091000956204 /* Weather Current Condition */ = {
			isa = PBXNativeTarget;
			buildConfigurationList = 105402CF1CA0091000956204 /* Build configuration list for PBXNativeTarget "Weather Current Condition" */;
			buildPhases = (
				105402B91CA0091000956204 /* Sources */,
				105402BA1CA0091000956204 /* Frameworks */,
				105402BB1CA0091000956204 /* Resources */,
			);
			buildRules = (
			);
			dependencies = (
			);
			name = "Weather Current Condition";
			productName = "Weather Current Condition";
			productReference = 105402BD1CA0091000956204 /* Weather Current Condition.app */;
			productType = "com.apple.product-type.application";
		};
/* End PBXNativeTarget section */

/* Begin PBXProject section */
		105402B51CA0091000956204 /* Project object */ = {
			isa = PBXProject;
			attributes = {
				LastSwiftUpdateCheck = 0720;
				LastUpgradeCheck = 0720;
				ORGANIZATIONNAME = "marvin evins";
				TargetAttributes = {
					105402BC1CA0091000956204 = {
						CreatedOnToolsVersion = 7.2.1;
					};
				};
			};
			buildConfigurationList = 105402B81CA0091000956204 /* Build configuration list for PBXProject "Weather Current Condition" */;
			compatibilityVersion = "Xcode 3.2";
			developmentRegion = English;
			hasScannedForEncodings = 0;
			knownRegions = (
				en,
				Base,
			);
			mainGroup = 105402B41CA0091000956204;
			productRefGroup = 105402BE1CA0091000956204 /* Products */;
			projectDirPath = "";
			projectRoot = "";
			targets = (
				105402BC1CA0091000956204 /* Weather Current Condition */,
			);
		};
/* End PBXProject section */

/* Begin PBXResourcesBuildPhase section */
		105402BB1CA0091000956204 /* Resources */ = {
			isa = PBXResourcesBuildPhase;
			buildActionMask = 2147483647;
			files = (
				105402CB1CA0091000956204 /* LaunchScreen.storyboard in Resources */,
				105402C81CA0091000956204 /* Assets.xcassets in Resources */,
				105402D31CA009AA00956204 /* 2c169440.jpeg in Resources */,
				105402C61CA0091000956204 /* Main.storyboard in Resources */,
			);
			runOnlyForDeploymentPostprocessing = 0;
		};
/* End PBXResourcesBuildPhase section */

/* Begin PBXSourcesBuildPhase section */
		105402B91CA0091000956204 /* Sources */ = {
			isa = PBXSourcesBuildPhase;
			buildActionMask = 2147483647;
			files = (
				105402C31CA0091000956204 /* ViewController.swift in Sources */,
				105402C11CA0091000956204 /* AppDelegate.swift in Sources */,
			);
			runOnlyForDeploymentPostprocessing = 0;
		};
/* End PBXSourcesBuildPhase section */

/* Begin PBXVariantGroup section */
		105402C41CA0091000956204 /* Main.storyboard */ = {
			isa = PBXVariantGroup;
			children = (
				105402C51CA0091000956204 /* Base */,
			);
			name = Main.storyboard;
			sourceTree = "<group>";
		};
		105402C91CA0091000956204 /* LaunchScreen.storyboard */ = {
			isa = PBXVariantGroup;
			children = (
				105402CA1CA0091000956204 /* Base */,
			);
			name = LaunchScreen.storyboard;
			sourceTree = "<group>";
		};
/* End PBXVariantGroup section */

/* Begin XCBuildConfiguration section */
		105402CD1CA0091000956204 /* Debug */ = {
			isa = XCBuildConfiguration;
			buildSettings = {
				ALWAYS_SEARCH_USER_PATHS = NO;
				CLANG_CXX_LANGUAGE_STANDARD = "gnu++0x";
				CLANG_CXX_LIBRARY = "libc++";
				CLANG_ENABLE_MODULES = YES;
				CLANG_ENABLE_OBJC_ARC = YES;
				CLANG_WARN_BOOL_CONVERSION = YES;
				CLANG_WARN_CONSTANT_CONVERSION = YES;
				CLANG_WARN_DIRECT_OBJC_ISA_USAGE = YES_ERROR;
				CLANG_WARN_EMPTY_BODY = YES;
				CLANG_WARN_ENUM_CONVERSION = YES;
				CLANG_WARN_INT_CONVERSION = YES;
				CLANG_WARN_OBJC_ROOT_CLASS = YES_ERROR;
				CLANG_WARN_UNREACHABLE_CODE = YES;
				CLANG_WARN__DUPLICATE_METHOD_MATCH = YES;
				"CODE_SIGN_IDENTITY[sdk=iphoneos*]" = "iPhone Developer";
				COPY_PHASE_STRIP = NO;
				DEBUG_INFORMATION_FORMAT = dwarf;
				ENABLE_STRICT_OBJC_MSGSEND = YES;
				ENABLE_TESTABILITY = YES;
				GCC_C_LANGUAGE_STANDARD = gnu99;
				GCC_DYNAMIC_NO_PIC = NO;
				GCC_NO_COMMON_BLOCKS = YES;
				GCC_OPTIMIZATION_LEVEL = 0;
				GCC_PREPROCESSOR_DEFINITIONS = (
					"DEBUG=1",
					"$(inherited)",
				);
				GCC_WARN_64_TO_32_BIT_CONVERSION = YES;
				GCC_WARN_ABOUT_RETURN_TYPE = YES_ERROR;
				GCC_WARN_UNDECLARED_SELECTOR = YES;
				GCC_WARN_UNINITIALIZED_AUTOS = YES_AGGRESSIVE;
				GCC_WARN_UNUSED_FUNCTION = YES;
				GCC_WARN_UNUSED_VARIABLE = YES;
				IPHONEOS_DEPLOYMENT_TARGET = 9.2;
				MTL_ENABLE_DEBUG_INFO = YES;
				ONLY_ACTIVE_ARCH = YES;
				SDKROOT = iphoneos;
				SWIFT_OPTIMIZATION_LEVEL = "-Onone";
			};
			name = Debug;
		};
		105402CE1CA0091000956204 /* Release */ = {
			isa = XCBuildConfiguration;
			buildSettings = {
				ALWAYS_SEARCH_USER_PATHS = NO;
				CLANG_CXX_LANGUAGE_STANDARD = "gnu++0x";
				CLANG_CXX_LIBRARY = "libc++";
				CLANG_ENABLE_MODULES = YES;
				CLANG_ENABLE_OBJC_ARC = YES;
				CLANG_WARN_BOOL_CONVERSION = YES;
				CLANG_WARN_CONSTANT_CONVERSION = YES;
				CLANG_WARN_DIRECT_OBJC_ISA_USAGE = YES_ERROR;
				CLANG_WARN_EMPTY_BODY = YES;
				CLANG_WARN_ENUM_CONVERSION = YES;
				CLANG_WARN_INT_CONVERSION = YES;
				CLANG_WARN_OBJC_ROOT_CLASS = YES_ERROR;
				CLANG_WARN_UNREACHABLE_CODE = YES;
				CLANG_WARN__DUPLICATE_METHOD_MATCH = YES;
				"CODE_SIGN_IDENTITY[sdk=iphoneos*]" = "iPhone Developer";
				COPY_PHASE_STRIP = NO;
				DEBUG_INFORMATION_FORMAT = "dwarf-with-dsym";
				ENABLE_NS_ASSERTIONS = NO;
				ENABLE_STRICT_OBJC_MSGSEND = YES;
				GCC_C_LANGUAGE_STANDARD = gnu99;
				GCC_NO_COMMON_BLOCKS = YES;
				GCC_WARN_64_TO_32_BIT_CONVERSION = YES;
				GCC_WARN_ABOUT_RETURN_TYPE = YES_ERROR;
				GCC_WARN_UNDECLARED_SELECTOR = YES;
				GCC_WARN_UNINITIALIZED_AUTOS = YES_AGGRESSIVE;
				GCC_WARN_UNUSED_FUNCTION = YES;
				GCC_WARN_UNUSED_VARIABLE = YES;
				IPHONEOS_DEPLOYMENT_TARGET = 9.2;
				MTL_ENABLE_DEBUG_INFO = NO;
				SDKROOT = iphoneos;
				VALIDATE_PRODUCT = YES;
			};
			name = Release;
		};
		105402D01CA0091000956204 /* Debug */ = {
			isa = XCBuildConfiguration;
			buildSettings = {
				ASSETCATALOG_COMPILER_APPICON_NAME = AppIcon;
				INFOPLIST_FILE = "Weather Current Condition/Info.plist";
				LD_RUNPATH_SEARCH_PATHS = "$(inherited) @executable_path/Frameworks";
				PRODUCT_BUNDLE_IDENTIFIER = "com.iOSavant.Weather-Current-Condition";
				PRODUCT_NAME = "$(TARGET_NAME)";
			};
			name = Debug;
		};
		105402D11CA0091000956204 /* Release */ = {
			isa = XCBuildConfiguration;
			buildSettings = {
				ASSETCATALOG_COMPILER_APPICON_NAME = AppIcon;
				INFOPLIST_FILE = "Weather Current Condition/Info.plist";
				LD_RUNPATH_SEARCH_PATHS = "$(inherited) @executable_path/Frameworks";
				PRODUCT_BUNDLE_IDENTIFIER = "com.iOSavant.Weather-Current-Condition";
				PRODUCT_NAME = "$(TARGET_NAME)";
			};
			name = Release;
		};
/* End XCBuildConfiguration section */

/* Begin XCConfigurationList section */
		105402B81CA0091000956204 /* Build configuration list for PBXProject "Weather Current Condition" */ = {
			isa = XCConfigurationList;
			buildConfigurations = (
				105402CD1CA0091000956204 /* Debug */,
				105402CE1CA0091000956204 /* Release */,
			);
			defaultConfigurationIsVisible = 0;
			defaultConfigurationName = Release;
		};
		105402CF1CA0091000956204 /* Build configuration list for PBXNativeTarget "Weather Current Condition" */ = {
			isa = XCConfigurationList;
			buildConfigurations = (
				105402D01CA0091000956204 /* Debug */,
				105402D11CA0091000956204 /* Release */,
			);
			defaultConfigurationIsVisible = 0;
		};
/* End XCConfigurationList section */
	};
	rootObject = 105402B51CA0091000956204 /* Project object */;
}
